{
  "name": "ng-rt",
  "version": "1.0.0",
  "lockfileVersion": 1,
  "requires": true,
  "dependencies": {
    "@patternfly/patternfly": {
      "version": "2.71.6",
      "resolved": "https://registry.npmjs.org/@patternfly/patternfly/-/patternfly-2.71.6.tgz",
      "integrity": "sha512-mqqtuCVa+/FbyyK8hSAcfEIwNX73+zbnzHpmC4NrW0kyMzSszPtBqev/ZO79ZxGqZUpLOyUBTVaH7oKn8cL35Q=="
    }
  }
}
